# @generated by Move, please check-in and do not edit manually.

[move]
version = 3
manifest_digest = "799EB0DD920AAA7F94B4ADB9E2B8B40CEFC8695C197D5B0B543C33467BDB67B5"
deps_digest = "F8BBB0CCB2491CA29A3DF03D6F92277A4F3574266507ACD77214D37ECA3F3082"
dependencies = [
  { id = "Sui", name = "Sui" },
]

[[move.package]]
id = "MoveStdlib"
source = { git = "https://github.com/MystenLabs/sui.git", rev = "framework/testnet", subdir = "crates/sui-framework/packages/move-stdlib" }

[[move.package]]
id = "Sui"
source = { git = "https://github.com/MystenLabs/sui.git", rev = "framework/testnet", subdir = "crates/sui-framework/packages/sui-framework" }

dependencies = [
  { id = "MoveStdlib", name = "MoveStdlib" },
]

[move.toolchain-version]
compiler-version = "1.50.1"
edition = "2024.beta"
flavor = "sui"

[env]

[env.testnet]
chain-id = "4c78adac"
original-published-id = "0xf35c6ed5d995b4f920bb076548ba1875ff98c6e93d81363361cbc96010336e73"
latest-published-id = "0xf35c6ed5d995b4f920bb076548ba1875ff98c6e93d81363361cbc96010336e73"
published-version = "1"
